
Microsoft Visual Studio Solution File, Format Version 12.00
# Visual Studio 15
VisualStudioVersion = 15.0.27130.2036
MinimumVisualStudioVersion = 10.0.40219.1
Project("{FAE04EC0-301F-11D3-BF4B-00C04F79EFBC}") = "CommandPattern", "CommandPattern\CommandPattern.csproj", "{55E3F812-C61F-419D-B0C9-1AF9E7FC80F8}"
EndProject
Project("{FAE04EC0-301F-11D3-BF4B-00C04F79EFBC}") = "NSoundSequencerConsole", "NSoundSequencerConsole\NSoundSequencerConsole.csproj", "{349AFFD4-3E3C-4306-9041-773FE31B4452}"
EndProject
Project("{FAE04EC0-301F-11D3-BF4B-00C04F79EFBC}") = "NAudioSequencer.Core", "NAudioSequencer.Core\NAudioSequencer.Core.csproj", "{6FF7C57B-1063-465B-8C30-BBB6A521E2C0}"
EndProject
Project("{FAE04EC0-301F-11D3-BF4B-00C04F79EFBC}") = "DesignForm", "DesignForm\DesignForm.csproj", "{741A2AB0-95EA-4154-BEAD-F77183663D0D}"
EndProject
Project("{FAE04EC0-301F-11D3-BF4B-00C04F79EFBC}") = "NAudioSequencerForm", "NAudioSequencerForm\NAudioSequencerForm.csproj", "{6D4EC805-6F25-415E-A3B5-886BE5ABF372}"
EndProject
Global
	GlobalSection(SolutionConfigurationPlatforms) = preSolution
		Debug|Any CPU = Debug|Any CPU
		Release|Any CPU = Release|Any CPU
	EndGlobalSection
	GlobalSection(ProjectConfigurationPlatforms) = postSolution
		{55E3F812-C61F-419D-B0C9-1AF9E7FC80F8}.Debug|Any CPU.ActiveCfg = Debug|Any CPU
		{55E3F812-C61F-419D-B0C9-1AF9E7FC80F8}.Debug|Any CPU.Build.0 = Debug|Any CPU
		{55E3F812-C61F-419D-B0C9-1AF9E7FC80F8}.Release|Any CPU.ActiveCfg = Release|Any CPU
		{55E3F812-C61F-419D-B0C9-1AF9E7FC80F8}.Release|Any CPU.Build.0 = Release|Any CPU
		{349AFFD4-3E3C-4306-9041-773FE31B4452}.Debug|Any CPU.ActiveCfg = Debug|Any CPU
		{349AFFD4-3E3C-4306-9041-773FE31B4452}.Debug|Any CPU.Build.0 = Debug|Any CPU
		{349AFFD4-3E3C-4306-9041-773FE31B4452}.Release|Any CPU.ActiveCfg = Release|Any CPU
		{349AFFD4-3E3C-4306-9041-773FE31B4452}.Release|Any CPU.Build.0 = Release|Any CPU
		{6FF7C57B-1063-465B-8C30-BBB6A521E2C0}.Debug|Any CPU.ActiveCfg = Debug|Any CPU
		{6FF7C57B-1063-465B-8C30-BBB6A521E2C0}.Debug|Any CPU.Build.0 = Debug|Any CPU
		{6FF7C57B-1063-465B-8C30-BBB6A521E2C0}.Release|Any CPU.ActiveCfg = Release|Any CPU
		{6FF7C57B-1063-465B-8C30-BBB6A521E2C0}.Release|Any CPU.Build.0 = Release|Any CPU
		{741A2AB0-95EA-4154-BEAD-F77183663D0D}.Debug|Any CPU.ActiveCfg = Debug|Any CPU
		{741A2AB0-95EA-4154-BEAD-F77183663D0D}.Debug|Any CPU.Build.0 = Debug|Any CPU
		{741A2AB0-95EA-4154-BEAD-F77183663D0D}.Release|Any CPU.ActiveCfg = Release|Any CPU
		{741A2AB0-95EA-4154-BEAD-F77183663D0D}.Release|Any CPU.Build.0 = Release|Any CPU
		{6D4EC805-6F25-415E-A3B5-886BE5ABF372}.Debug|Any CPU.ActiveCfg = Debug|Any CPU
		{6D4EC805-6F25-415E-A3B5-886BE5ABF372}.Debug|Any CPU.Build.0 = Debug|Any CPU
		{6D4EC805-6F25-415E-A3B5-886BE5ABF372}.Release|Any CPU.ActiveCfg = Release|Any CPU
		{6D4EC805-6F25-415E-A3B5-886BE5ABF372}.Release|Any CPU.Build.0 = Release|Any CPU
	EndGlobalSection
	GlobalSection(SolutionProperties) = preSolution
		HideSolutionNode = FALSE
	EndGlobalSection
	GlobalSection(ExtensibilityGlobals) = postSolution
		SolutionGuid = {D0B18BA6-19E6-4598-864F-DFA5402FBF99}
	EndGlobalSection
EndGlobal
